// !$*UTF8*$!
{
	archiveVersion = 1;
	classes = {
	};
	objectVersion = 46;
	objects = {

/* Begin PBXBuildFile section */
		FA1A725D2274244F00C4E65B /* XCBConnection.h in Headers */ = {isa = PBXBuildFile; fileRef = FA1A725B2274244F00C4E65B /* XCBConnection.h */; };
		FA1A725E2274244F00C4E65B /* XCBConnection.m in Sources */ = {isa = PBXBuildFile; fileRef = FA1A725C2274244F00C4E65B /* XCBConnection.m */; };
		FA1A725F2274244F00C4E65B /* XCBConnection.m in Sources */ = {isa = PBXBuildFile; fileRef = FA1A725C2274244F00C4E65B /* XCBConnection.m */; };
		FA2D9F8B22738D1100CEBEE0 /* Cocoa.framework in Frameworks */ = {isa = PBXBuildFile; fileRef = FA2D9F8A22738D1100CEBEE0 /* Cocoa.framework */; };
		FA2D9F9522738D1100CEBEE0 /* InfoPlist.strings in Resources */ = {isa = PBXBuildFile; fileRef = FA2D9F9322738D1100CEBEE0 /* InfoPlist.strings */; };
		FA2D9F9922738D1100CEBEE0 /* XCBKit.m in Sources */ = {isa = PBXBuildFile; fileRef = FA2D9F9822738D1100CEBEE0 /* XCBKit.m */; };
		FA2D9FA122738D1100CEBEE0 /* SenTestingKit.framework in Frameworks */ = {isa = PBXBuildFile; fileRef = FA2D9FA022738D1100CEBEE0 /* SenTestingKit.framework */; };
		FA2D9FA222738D1100CEBEE0 /* Cocoa.framework in Frameworks */ = {isa = PBXBuildFile; fileRef = FA2D9F8A22738D1100CEBEE0 /* Cocoa.framework */; };
		FA2D9FA522738D1100CEBEE0 /* XCBKit.framework in Frameworks */ = {isa = PBXBuildFile; fileRef = FA2D9F8722738D1100CEBEE0 /* XCBKit.framework */; };
		FA2D9FAB22738D1100CEBEE0 /* InfoPlist.strings in Resources */ = {isa = PBXBuildFile; fileRef = FA2D9FA922738D1100CEBEE0 /* InfoPlist.strings */; };
		FA2D9FAE22738D1100CEBEE0 /* XCBConnectionTests.m in Sources */ = {isa = PBXBuildFile; fileRef = FA2D9FAD22738D1100CEBEE0 /* XCBConnectionTests.m */; };
		FA3186CC22F874A5001DE139 /* XCBFrame.h in Headers */ = {isa = PBXBuildFile; fileRef = FA3186CA22F874A5001DE139 /* XCBFrame.h */; };
		FA3186CD22F874A5001DE139 /* XCBFrame.m in Sources */ = {isa = PBXBuildFile; fileRef = FA3186CB22F874A5001DE139 /* XCBFrame.m */; };
		FA5ADBD923C62F1200C8B403 /* XCBAtomSeriveTest.m in Sources */ = {isa = PBXBuildFile; fileRef = FA5ADBD823C62F1200C8B403 /* XCBAtomSeriveTest.m */; };
		FA5ADBE423C63D5600C8B403 /* XCBAtomService.h in Headers */ = {isa = PBXBuildFile; fileRef = FA5ADBE223C63D5600C8B403 /* XCBAtomService.h */; };
		FA5ADBE523C63D5600C8B403 /* XCBAtomService.m in Sources */ = {isa = PBXBuildFile; fileRef = FA5ADBE323C63D5600C8B403 /* XCBAtomService.m */; };
		FA5ADBE923C63D6B00C8B403 /* CairoDrawer.h in Headers */ = {isa = PBXBuildFile; fileRef = FA5ADBE723C63D6B00C8B403 /* CairoDrawer.h */; };
		FA5ADBEA23C63D6B00C8B403 /* CairoDrawer.m in Sources */ = {isa = PBXBuildFile; fileRef = FA5ADBE823C63D6B00C8B403 /* CairoDrawer.m */; };
		FA5ADBFB23C6444A00C8B403 /* EWMHService.h in Headers */ = {isa = PBXBuildFile; fileRef = FA5ADBFA23C6444A00C8B403 /* EWMHService.h */; };
		FA5ADBFD23C6445200C8B403 /* EWMHService.m in Sources */ = {isa = PBXBuildFile; fileRef = FA5ADBFC23C6445200C8B403 /* EWMHService.m */; };
		FA5ADC0C23CA1ABE00C8B403 /* Transformers.h in Headers */ = {isa = PBXBuildFile; fileRef = FA5ADC0A23CA1ABE00C8B403 /* Transformers.h */; };
		FA5ADC0D23CA1ABE00C8B403 /* Transformers.m in Sources */ = {isa = PBXBuildFile; fileRef = FA5ADC0B23CA1ABE00C8B403 /* Transformers.m */; };
		FA5ADC1223CA23F500C8B403 /* TransformersTest.m in Sources */ = {isa = PBXBuildFile; fileRef = FA5ADC1123CA23F500C8B403 /* TransformersTest.m */; };
		FA8E88792434A32D002F0B35 /* EMessage.h in Headers */ = {isa = PBXBuildFile; fileRef = FA8E88772434A32D002F0B35 /* EMessage.h */; };
		FA8E88852443960D002F0B35 /* ICCCMService.h in Headers */ = {isa = PBXBuildFile; fileRef = FA8E88832443960D002F0B35 /* ICCCMService.h */; };
		FA8E88862443960D002F0B35 /* ICCCMService.m in Sources */ = {isa = PBXBuildFile; fileRef = FA8E88842443960D002F0B35 /* ICCCMService.m */; };
		FA8E88882444ACE2002F0B35 /* ICCCMSTest.m in Sources */ = {isa = PBXBuildFile; fileRef = FA8E88872444ACE2002F0B35 /* ICCCMSTest.m */; };
		FA92DA3E24977CBB007CFAA3 /* XCBShape.h in Headers */ = {isa = PBXBuildFile; fileRef = FA92DA3C24977CBB007CFAA3 /* XCBShape.h */; };
		FAAF93A2245ACE8E00C2B50B /* XCBRegion.h in Headers */ = {isa = PBXBuildFile; fileRef = FAAF93A0245ACE8E00C2B50B /* XCBRegion.h */; };
		FAAF93A3245ACE8E00C2B50B /* XCBRegion.m in Sources */ = {isa = PBXBuildFile; fileRef = FAAF93A1245ACE8E00C2B50B /* XCBRegion.m */; };
		FAB6022D22F9987E0037F492 /* XCBTitleBar.h in Headers */ = {isa = PBXBuildFile; fileRef = FAB6022B22F9987E0037F492 /* XCBTitleBar.h */; };
		FAB6022E22F9987E0037F492 /* XCBTitleBar.m in Sources */ = {isa = PBXBuildFile; fileRef = FAB6022C22F9987E0037F492 /* XCBTitleBar.m */; };
		FAB6023122FA9AD70037F492 /* XCBFrameTest.m in Sources */ = {isa = PBXBuildFile; fileRef = FAB6023022FA9AD70037F492 /* XCBFrameTest.m */; };
		FABB11432274AEC1007A0433 /* XCBScreen.h in Headers */ = {isa = PBXBuildFile; fileRef = FABB11412274AEC1007A0433 /* XCBScreen.h */; };
		FABB11442274AEC1007A0433 /* XCBScreen.m in Sources */ = {isa = PBXBuildFile; fileRef = FABB11422274AEC1007A0433 /* XCBScreen.m */; };
		FABB11452274AEC1007A0433 /* XCBScreen.m in Sources */ = {isa = PBXBuildFile; fileRef = FABB11422274AEC1007A0433 /* XCBScreen.m */; };
		FABB114822756F0E007A0433 /* XCBWindow.h in Headers */ = {isa = PBXBuildFile; fileRef = FABB114622756F0E007A0433 /* XCBWindow.h */; };
		FABB114922756F0E007A0433 /* XCBWindow.m in Sources */ = {isa = PBXBuildFile; fileRef = FABB114722756F0E007A0433 /* XCBWindow.m */; };
		FABB114A22756F0E007A0433 /* XCBWindow.m in Sources */ = {isa = PBXBuildFile; fileRef = FABB114722756F0E007A0433 /* XCBWindow.m */; };
		FAC103B32472CD8D008EE044 /* ETitleBarColor.h in Headers */ = {isa = PBXBuildFile; fileRef = FAC103B12472CD8D008EE044 /* ETitleBarColor.h */; };
		FACACAF42317C88A00C826B3 /* XCBVisual.h in Headers */ = {isa = PBXBuildFile; fileRef = FACACAF32317C88A00C826B3 /* XCBVisual.h */; };
		FACACAF62317C89800C826B3 /* XCBVisual.m in Sources */ = {isa = PBXBuildFile; fileRef = FACACAF52317C89800C826B3 /* XCBVisual.m */; };
		FAD5B31423DE148A00F1CB38 /* XCBSelection.h in Headers */ = {isa = PBXBuildFile; fileRef = FAD5B31223DE148A00F1CB38 /* XCBSelection.h */; };
		FAD5B31523DE148A00F1CB38 /* XCBSelection.m in Sources */ = {isa = PBXBuildFile; fileRef = FAD5B31323DE148A00F1CB38 /* XCBSelection.m */; };
		FAE4BDFF2275BC99007D0A35 /* XCBWindowTests.m in Sources */ = {isa = PBXBuildFile; fileRef = FAE4BDFE2275BC99007D0A35 /* XCBWindowTests.m */; };
		FAF8685B23FC44FD008A2FA2 /* XCBCreateWindowTypeRequest.h in Headers */ = {isa = PBXBuildFile; fileRef = FAF8685923FC44FD008A2FA2 /* XCBCreateWindowTypeRequest.h */; };
		FAF8685C23FC44FD008A2FA2 /* XCBCreateWindowTypeRequest.m in Sources */ = {isa = PBXBuildFile; fileRef = FAF8685A23FC44FD008A2FA2 /* XCBCreateWindowTypeRequest.m */; };
		FAF8685F23FC450F008A2FA2 /* XCBWindowTypeResponse.h in Headers */ = {isa = PBXBuildFile; fileRef = FAF8685D23FC450F008A2FA2 /* XCBWindowTypeResponse.h */; };
		FAF8686023FC450F008A2FA2 /* XCBWindowTypeResponse.m in Sources */ = {isa = PBXBuildFile; fileRef = FAF8685E23FC450F008A2FA2 /* XCBWindowTypeResponse.m */; };
/* End PBXBuildFile section */

/* Begin PBXContainerItemProxy section */
		FA2D9FA322738D1100CEBEE0 /* PBXContainerItemProxy */ = {
			isa = PBXContainerItemProxy;
			containerPortal = FA2D9F7E22738D1100CEBEE0 /* Project object */;
			proxyType = 1;
			remoteGlobalIDString = FA2D9F8622738D1100CEBEE0;
			remoteInfo = XCBKit;
		};
/* End PBXContainerItemProxy section */

/* Begin PBXFileReference section */
		FA1A725B2274244F00C4E65B /* XCBConnection.h */ = {isa = PBXFileReference; fileEncoding = 4; lastKnownFileType = sourcecode.c.h; path = XCBConnection.h; sourceTree = "<group>"; };
		FA1A725C2274244F00C4E65B /* XCBConnection.m */ = {isa = PBXFileReference; fileEncoding = 4; lastKnownFileType = sourcecode.c.objc; path = XCBConnection.m; sourceTree = "<group>"; };
		FA2D9F8722738D1100CEBEE0 /* XCBKit.framework */ = {isa = PBXFileReference; explicitFileType = wrapper.framework; includeInIndex = 0; path = XCBKit.framework; sourceTree = BUILT_PRODUCTS_DIR; };
		FA2D9F8A22738D1100CEBEE0 /* Cocoa.framework */ = {isa = PBXFileReference; lastKnownFileType = wrapper.framework; name = Cocoa.framework; path = System/Library/Frameworks/Cocoa.framework; sourceTree = SDKROOT; };
		FA2D9F8D22738D1100CEBEE0 /* AppKit.framework */ = {isa = PBXFileReference; lastKnownFileType = wrapper.framework; name = AppKit.framework; path = System/Library/Frameworks/AppKit.framework; sourceTree = SDKROOT; };
		FA2D9F8F22738D1100CEBEE0 /* Foundation.framework */ = {isa = PBXFileReference; lastKnownFileType = wrapper.framework; name = Foundation.framework; path = System/Library/Frameworks/Foundation.framework; sourceTree = SDKROOT; };
		FA2D9F9222738D1100CEBEE0 /* XCBKit-Info.plist */ = {isa = PBXFileReference; lastKnownFileType = text.plist.xml; path = "XCBKit-Info.plist"; sourceTree = "<group>"; };
		FA2D9F9422738D1100CEBEE0 /* en */ = {isa = PBXFileReference; lastKnownFileType = text.plist.strings; name = en; path = en.lproj/InfoPlist.strings; sourceTree = "<group>"; };
		FA2D9F9622738D1100CEBEE0 /* XCBKit-Prefix.pch */ = {isa = PBXFileReference; lastKnownFileType = sourcecode.c.h; path = "XCBKit-Prefix.pch"; sourceTree = "<group>"; };
		FA2D9F9722738D1100CEBEE0 /* XCBKit.h */ = {isa = PBXFileReference; lastKnownFileType = sourcecode.c.h; path = XCBKit.h; sourceTree = "<group>"; };
		FA2D9F9822738D1100CEBEE0 /* XCBKit.m */ = {isa = PBXFileReference; lastKnownFileType = sourcecode.c.objc; path = XCBKit.m; sourceTree = "<group>"; };
		FA2D9F9F22738D1100CEBEE0 /* XCBKitTests.octest */ = {isa = PBXFileReference; explicitFileType = wrapper.cfbundle; includeInIndex = 0; path = XCBKitTests.octest; sourceTree = BUILT_PRODUCTS_DIR; };
		FA2D9FA022738D1100CEBEE0 /* SenTestingKit.framework */ = {isa = PBXFileReference; lastKnownFileType = wrapper.framework; name = SenTestingKit.framework; path = Library/Frameworks/SenTestingKit.framework; sourceTree = DEVELOPER_DIR; };
		FA2D9FA822738D1100CEBEE0 /* XCBKitTests-Info.plist */ = {isa = PBXFileReference; lastKnownFileType = text.plist.xml; path = "XCBKitTests-Info.plist"; sourceTree = "<group>"; };
		FA2D9FAA22738D1100CEBEE0 /* en */ = {isa = PBXFileReference; lastKnownFileType = text.plist.strings; name = en; path = en.lproj/InfoPlist.strings; sourceTree = "<group>"; };
		FA2D9FAC22738D1100CEBEE0 /* XCBConnectionTests.h */ = {isa = PBXFileReference; lastKnownFileType = sourcecode.c.h; path = XCBConnectionTests.h; sourceTree = "<group>"; };
		FA2D9FAD22738D1100CEBEE0 /* XCBConnectionTests.m */ = {isa = PBXFileReference; lastKnownFileType = sourcecode.c.objc; path = XCBConnectionTests.m; sourceTree = "<group>"; };
		FA3186CA22F874A5001DE139 /* XCBFrame.h */ = {isa = PBXFileReference; fileEncoding = 4; lastKnownFileType = sourcecode.c.h; path = XCBFrame.h; sourceTree = "<group>"; };
		FA3186CB22F874A5001DE139 /* XCBFrame.m */ = {isa = PBXFileReference; fileEncoding = 4; lastKnownFileType = sourcecode.c.objc; path = XCBFrame.m; sourceTree = "<group>"; };
		FA5ADBD823C62F1200C8B403 /* XCBAtomSeriveTest.m */ = {isa = PBXFileReference; fileEncoding = 4; lastKnownFileType = sourcecode.c.objc; path = XCBAtomSeriveTest.m; sourceTree = "<group>"; };
		FA5ADBE223C63D5600C8B403 /* XCBAtomService.h */ = {isa = PBXFileReference; fileEncoding = 4; lastKnownFileType = sourcecode.c.h; path = XCBAtomService.h; sourceTree = "<group>"; };
		FA5ADBE323C63D5600C8B403 /* XCBAtomService.m */ = {isa = PBXFileReference; fileEncoding = 4; lastKnownFileType = sourcecode.c.objc; path = XCBAtomService.m; sourceTree = "<group>"; };
		FA5ADBE723C63D6B00C8B403 /* CairoDrawer.h */ = {isa = PBXFileReference; fileEncoding = 4; lastKnownFileType = sourcecode.c.h; path = CairoDrawer.h; sourceTree = "<group>"; };
		FA5ADBE823C63D6B00C8B403 /* CairoDrawer.m */ = {isa = PBXFileReference; fileEncoding = 4; lastKnownFileType = sourcecode.c.objc; path = CairoDrawer.m; sourceTree = "<group>"; };
		FA5ADBFA23C6444A00C8B403 /* EWMHService.h */ = {isa = PBXFileReference; fileEncoding = 4; lastKnownFileType = sourcecode.c.h; path = EWMHService.h; sourceTree = "<group>"; };
		FA5ADBFC23C6445200C8B403 /* EWMHService.m */ = {isa = PBXFileReference; fileEncoding = 4; lastKnownFileType = sourcecode.c.objc; path = EWMHService.m; sourceTree = "<group>"; };
		FA5ADC0A23CA1ABE00C8B403 /* Transformers.h */ = {isa = PBXFileReference; fileEncoding = 4; lastKnownFileType = sourcecode.c.h; path = Transformers.h; sourceTree = "<group>"; };
		FA5ADC0B23CA1ABE00C8B403 /* Transformers.m */ = {isa = PBXFileReference; fileEncoding = 4; lastKnownFileType = sourcecode.c.objc; path = Transformers.m; sourceTree = "<group>"; };
		FA5ADC1123CA23F500C8B403 /* TransformersTest.m */ = {isa = PBXFileReference; fileEncoding = 4; lastKnownFileType = sourcecode.c.objc; path = TransformersTest.m; sourceTree = "<group>"; };
		FA8E88772434A32D002F0B35 /* EMessage.h */ = {isa = PBXFileReference; fileEncoding = 4; lastKnownFileType = sourcecode.c.h; path = EMessage.h; sourceTree = "<group>"; };
		FA8E88832443960D002F0B35 /* ICCCMService.h */ = {isa = PBXFileReference; fileEncoding = 4; lastKnownFileType = sourcecode.c.h; path = ICCCMService.h; sourceTree = "<group>"; };
		FA8E88842443960D002F0B35 /* ICCCMService.m */ = {isa = PBXFileReference; fileEncoding = 4; lastKnownFileType = sourcecode.c.objc; path = ICCCMService.m; sourceTree = "<group>"; };
		FA8E88872444ACE2002F0B35 /* ICCCMSTest.m */ = {isa = PBXFileReference; fileEncoding = 4; lastKnownFileType = sourcecode.c.objc; path = ICCCMSTest.m; sourceTree = "<group>"; };
		FA92DA3C24977CBB007CFAA3 /* XCBShape.h */ = {isa = PBXFileReference; fileEncoding = 4; lastKnownFileType = sourcecode.c.h; path = XCBShape.h; sourceTree = "<group>"; };
		FAAF93A0245ACE8E00C2B50B /* XCBRegion.h */ = {isa = PBXFileReference; fileEncoding = 4; lastKnownFileType = sourcecode.c.h; path = XCBRegion.h; sourceTree = "<group>"; };
		FAAF93A1245ACE8E00C2B50B /* XCBRegion.m */ = {isa = PBXFileReference; fileEncoding = 4; lastKnownFileType = sourcecode.c.objc; path = XCBRegion.m; sourceTree = "<group>"; };
		FAB6022B22F9987E0037F492 /* XCBTitleBar.h */ = {isa = PBXFileReference; fileEncoding = 4; lastKnownFileType = sourcecode.c.h; path = XCBTitleBar.h; sourceTree = "<group>"; };
		FAB6022C22F9987E0037F492 /* XCBTitleBar.m */ = {isa = PBXFileReference; fileEncoding = 4; lastKnownFileType = sourcecode.c.objc; path = XCBTitleBar.m; sourceTree = "<group>"; };
		FAB6022F22FA9AD70037F492 /* XCBFrameTest.h */ = {isa = PBXFileReference; fileEncoding = 4; lastKnownFileType = sourcecode.c.h; path = XCBFrameTest.h; sourceTree = "<group>"; };
		FAB6023022FA9AD70037F492 /* XCBFrameTest.m */ = {isa = PBXFileReference; fileEncoding = 4; lastKnownFileType = sourcecode.c.objc; path = XCBFrameTest.m; sourceTree = "<group>"; };
		FABB11412274AEC1007A0433 /* XCBScreen.h */ = {isa = PBXFileReference; fileEncoding = 4; lastKnownFileType = sourcecode.c.h; path = XCBScreen.h; sourceTree = "<group>"; };
		FABB11422274AEC1007A0433 /* XCBScreen.m */ = {isa = PBXFileReference; fileEncoding = 4; lastKnownFileType = sourcecode.c.objc; path = XCBScreen.m; sourceTree = "<group>"; };
		FABB114622756F0E007A0433 /* XCBWindow.h */ = {isa = PBXFileReference; fileEncoding = 4; lastKnownFileType = sourcecode.c.h; path = XCBWindow.h; sourceTree = "<group>"; };
		FABB114722756F0E007A0433 /* XCBWindow.m */ = {isa = PBXFileReference; fileEncoding = 4; lastKnownFileType = sourcecode.c.objc; path = XCBWindow.m; sourceTree = "<group>"; };
		FAC103B12472CD8D008EE044 /* ETitleBarColor.h */ = {isa = PBXFileReference; fileEncoding = 4; lastKnownFileType = sourcecode.c.h; path = ETitleBarColor.h; sourceTree = "<group>"; };
		FACACAF32317C88A00C826B3 /* XCBVisual.h */ = {isa = PBXFileReference; fileEncoding = 4; lastKnownFileType = sourcecode.c.h; path = XCBVisual.h; sourceTree = "<group>"; };
		FACACAF52317C89800C826B3 /* XCBVisual.m */ = {isa = PBXFileReference; fileEncoding = 4; lastKnownFileType = sourcecode.c.objc; path = XCBVisual.m; sourceTree = "<group>"; };
		FAD5B31223DE148A00F1CB38 /* XCBSelection.h */ = {isa = PBXFileReference; fileEncoding = 4; lastKnownFileType = sourcecode.c.h; path = XCBSelection.h; sourceTree = "<group>"; };
		FAD5B31323DE148A00F1CB38 /* XCBSelection.m */ = {isa = PBXFileReference; fileEncoding = 4; lastKnownFileType = sourcecode.c.objc; path = XCBSelection.m; sourceTree = "<group>"; };
		FAE4BDFD2275BC99007D0A35 /* XCBWindowTests.h */ = {isa = PBXFileReference; fileEncoding = 4; lastKnownFileType = sourcecode.c.h; path = XCBWindowTests.h; sourceTree = "<group>"; };
		FAE4BDFE2275BC99007D0A35 /* XCBWindowTests.m */ = {isa = PBXFileReference; fileEncoding = 4; lastKnownFileType = sourcecode.c.objc; path = XCBWindowTests.m; sourceTree = "<group>"; };
		FAF8685923FC44FD008A2FA2 /* XCBCreateWindowTypeRequest.h */ = {isa = PBXFileReference; fileEncoding = 4; lastKnownFileType = sourcecode.c.h; path = XCBCreateWindowTypeRequest.h; sourceTree = "<group>"; };
		FAF8685A23FC44FD008A2FA2 /* XCBCreateWindowTypeRequest.m */ = {isa = PBXFileReference; fileEncoding = 4; lastKnownFileType = sourcecode.c.objc; path = XCBCreateWindowTypeRequest.m; sourceTree = "<group>"; };
		FAF8685D23FC450F008A2FA2 /* XCBWindowTypeResponse.h */ = {isa = PBXFileReference; fileEncoding = 4; lastKnownFileType = sourcecode.c.h; path = XCBWindowTypeResponse.h; sourceTree = "<group>"; };
		FAF8685E23FC450F008A2FA2 /* XCBWindowTypeResponse.m */ = {isa = PBXFileReference; fileEncoding = 4; lastKnownFileType = sourcecode.c.objc; path = XCBWindowTypeResponse.m; sourceTree = "<group>"; };
/* End PBXFileReference section */

/* Begin PBXFrameworksBuildPhase section */
		FA2D9F8322738D1100CEBEE0 /* Frameworks */ = {
			isa = PBXFrameworksBuildPhase;
			buildActionMask = 2147483647;
			files = (
				FA2D9F8B22738D1100CEBEE0 /* Cocoa.framework in Frameworks */,
			);
			runOnlyForDeploymentPostprocessing = 0;
		};
		FA2D9F9B22738D1100CEBEE0 /* Frameworks */ = {
			isa = PBXFrameworksBuildPhase;
			buildActionMask = 2147483647;
			files = (
				FA2D9FA122738D1100CEBEE0 /* SenTestingKit.framework in Frameworks */,
				FA2D9FA222738D1100CEBEE0 /* Cocoa.framework in Frameworks */,
				FA2D9FA522738D1100CEBEE0 /* XCBKit.framework in Frameworks */,
			);
			runOnlyForDeploymentPostprocessing = 0;
		};
/* End PBXFrameworksBuildPhase section */

/* Begin PBXGroup section */
		FA2D9F7D22738D1100CEBEE0 = {
			isa = PBXGroup;
			children = (
				FA2D9F9022738D1100CEBEE0 /* XCBKit */,
				FA2D9FA622738D1100CEBEE0 /* XCBKitTests */,
				FA2D9F8922738D1100CEBEE0 /* Frameworks */,
				FA2D9F8822738D1100CEBEE0 /* Products */,
			);
			sourceTree = "<group>";
		};
		FA2D9F8822738D1100CEBEE0 /* Products */ = {
			isa = PBXGroup;
			children = (
				FA2D9F8722738D1100CEBEE0 /* XCBKit.framework */,
				FA2D9F9F22738D1100CEBEE0 /* XCBKitTests.octest */,
			);
			name = Products;
			sourceTree = "<group>";
		};
		FA2D9F8922738D1100CEBEE0 /* Frameworks */ = {
			isa = PBXGroup;
			children = (
				FA2D9F8A22738D1100CEBEE0 /* Cocoa.framework */,
				FA2D9FA022738D1100CEBEE0 /* SenTestingKit.framework */,
				FA2D9F8C22738D1100CEBEE0 /* Other Frameworks */,
			);
			name = Frameworks;
			sourceTree = "<group>";
		};
		FA2D9F8C22738D1100CEBEE0 /* Other Frameworks */ = {
			isa = PBXGroup;
			children = (
				FA2D9F8D22738D1100CEBEE0 /* AppKit.framework */,
				FA2D9F8F22738D1100CEBEE0 /* Foundation.framework */,
			);
			name = "Other Frameworks";
			sourceTree = "<group>";
		};
		FA2D9F9022738D1100CEBEE0 /* XCBKit */ = {
			isa = PBXGroup;
			children = (
				FA8E88742434A241002F0B35 /* enums */,
				FA5ADC0923CA1A9F00C8B403 /* functions */,
				FA5ADBE623C63D6B00C8B403 /* utils */,
				FA5ADBE123C63D5600C8B403 /* services */,
				FA2D9F9722738D1100CEBEE0 /* XCBKit.h */,
				FA2D9F9822738D1100CEBEE0 /* XCBKit.m */,
				FA1A725B2274244F00C4E65B /* XCBConnection.h */,
				FA1A725C2274244F00C4E65B /* XCBConnection.m */,
				FABB11412274AEC1007A0433 /* XCBScreen.h */,
				FABB11422274AEC1007A0433 /* XCBScreen.m */,
				FABB114622756F0E007A0433 /* XCBWindow.h */,
				FABB114722756F0E007A0433 /* XCBWindow.m */,
				FACACAF32317C88A00C826B3 /* XCBVisual.h */,
				FACACAF52317C89800C826B3 /* XCBVisual.m */,
				FA3186CA22F874A5001DE139 /* XCBFrame.h */,
				FA3186CB22F874A5001DE139 /* XCBFrame.m */,
				FAD5B31223DE148A00F1CB38 /* XCBSelection.h */,
				FAD5B31323DE148A00F1CB38 /* XCBSelection.m */,
				FAB6022B22F9987E0037F492 /* XCBTitleBar.h */,
				FAB6022C22F9987E0037F492 /* XCBTitleBar.m */,
				FAAF93A0245ACE8E00C2B50B /* XCBRegion.h */,
				FAAF93A1245ACE8E00C2B50B /* XCBRegion.m */,
				FA2D9F9122738D1100CEBEE0 /* Supporting Files */,
			);
			path = XCBKit;
			sourceTree = "<group>";
		};
		FA2D9F9122738D1100CEBEE0 /* Supporting Files */ = {
			isa = PBXGroup;
			children = (
				FA2D9F9222738D1100CEBEE0 /* XCBKit-Info.plist */,
				FA2D9F9322738D1100CEBEE0 /* InfoPlist.strings */,
				FA2D9F9622738D1100CEBEE0 /* XCBKit-Prefix.pch */,
			);
			name = "Supporting Files";
			sourceTree = "<group>";
		};
		FA2D9FA622738D1100CEBEE0 /* XCBKitTests */ = {
			isa = PBXGroup;
			children = (
				FA2D9FAC22738D1100CEBEE0 /* XCBConnectionTests.h */,
				FA2D9FAD22738D1100CEBEE0 /* XCBConnectionTests.m */,
				FAE4BDFD2275BC99007D0A35 /* XCBWindowTests.h */,
				FAE4BDFE2275BC99007D0A35 /* XCBWindowTests.m */,
				FAB6022F22FA9AD70037F492 /* XCBFrameTest.h */,
				FAB6023022FA9AD70037F492 /* XCBFrameTest.m */,
				FA5ADBD823C62F1200C8B403 /* XCBAtomSeriveTest.m */,
				FA5ADC1123CA23F500C8B403 /* TransformersTest.m */,
				FA8E88872444ACE2002F0B35 /* ICCCMSTest.m */,
				FA2D9FA722738D1100CEBEE0 /* Supporting Files */,
			);
			path = XCBKitTests;
			sourceTree = "<group>";
		};
		FA2D9FA722738D1100CEBEE0 /* Supporting Files */ = {
			isa = PBXGroup;
			children = (
				FA2D9FA822738D1100CEBEE0 /* XCBKitTests-Info.plist */,
				FA2D9FA922738D1100CEBEE0 /* InfoPlist.strings */,
			);
			name = "Supporting Files";
			sourceTree = "<group>";
		};
		FA5ADBE123C63D5600C8B403 /* services */ = {
			isa = PBXGroup;
			children = (
				FA5ADBFA23C6444A00C8B403 /* EWMHService.h */,
				FA5ADBFC23C6445200C8B403 /* EWMHService.m */,
				FA5ADBE223C63D5600C8B403 /* XCBAtomService.h */,
				FA5ADBE323C63D5600C8B403 /* XCBAtomService.m */,
				FA8E88832443960D002F0B35 /* ICCCMService.h */,
				FA8E88842443960D002F0B35 /* ICCCMService.m */,
			);
			path = services;
			sourceTree = "<group>";
		};
		FA5ADBE623C63D6B00C8B403 /* utils */ = {
			isa = PBXGroup;
			children = (
				FA5ADBE723C63D6B00C8B403 /* CairoDrawer.h */,
				FA5ADBE823C63D6B00C8B403 /* CairoDrawer.m */,
				FAF8685923FC44FD008A2FA2 /* XCBCreateWindowTypeRequest.h */,
				FAF8685A23FC44FD008A2FA2 /* XCBCreateWindowTypeRequest.m */,
				FAF8685D23FC450F008A2FA2 /* XCBWindowTypeResponse.h */,
				FAF8685E23FC450F008A2FA2 /* XCBWindowTypeResponse.m */,
				FA92DA3C24977CBB007CFAA3 /* XCBShape.h */,
			);
			path = utils;
			sourceTree = "<group>";
		};
		FA5ADC0923CA1A9F00C8B403 /* functions */ = {
			isa = PBXGroup;
			children = (
				FA5ADC0A23CA1ABE00C8B403 /* Transformers.h */,
				FA5ADC0B23CA1ABE00C8B403 /* Transformers.m */,
			);
			path = functions;
			sourceTree = "<group>";
		};
		FA8E88742434A241002F0B35 /* enums */ = {
			isa = PBXGroup;
			children = (
				FA8E88772434A32D002F0B35 /* EMessage.h */,
				FAC103B12472CD8D008EE044 /* ETitleBarColor.h */,
			);
			path = enums;
			sourceTree = "<group>";
		};
/* End PBXGroup section */

/* Begin PBXHeadersBuildPhase section */
		FA2D9F8422738D1100CEBEE0 /* Headers */ = {
			isa = PBXHeadersBuildPhase;
			buildActionMask = 2147483647;
			files = (
				FA5ADC0C23CA1ABE00C8B403 /* Transformers.h in Headers */,
				FAC103B32472CD8D008EE044 /* ETitleBarColor.h in Headers */,
				FACACAF42317C88A00C826B3 /* XCBVisual.h in Headers */,
				FA5ADBFB23C6444A00C8B403 /* EWMHService.h in Headers */,
				FAF8685F23FC450F008A2FA2 /* XCBWindowTypeResponse.h in Headers */,
				FAAF93A2245ACE8E00C2B50B /* XCBRegion.h in Headers */,
				FA8E88792434A32D002F0B35 /* EMessage.h in Headers */,
				FA3186CC22F874A5001DE139 /* XCBFrame.h in Headers */,
				FA8E88852443960D002F0B35 /* ICCCMService.h in Headers */,
				FAF8685B23FC44FD008A2FA2 /* XCBCreateWindowTypeRequest.h in Headers */,
				FA5ADBE423C63D5600C8B403 /* XCBAtomService.h in Headers */,
				FA5ADBE923C63D6B00C8B403 /* CairoDrawer.h in Headers */,
				FAB6022D22F9987E0037F492 /* XCBTitleBar.h in Headers */,
				FA1A725D2274244F00C4E65B /* XCBConnection.h in Headers */,
				FABB11432274AEC1007A0433 /* XCBScreen.h in Headers */,
				FABB114822756F0E007A0433 /* XCBWindow.h in Headers */,
				FA92DA3E24977CBB007CFAA3 /* XCBShape.h in Headers */,
				FAD5B31423DE148A00F1CB38 /* XCBSelection.h in Headers */,
			);
			runOnlyForDeploymentPostprocessing = 0;
		};
/* End PBXHeadersBuildPhase section */

/* Begin PBXNativeTarget section */
		FA2D9F8622738D1100CEBEE0 /* XCBKit */ = {
			isa = PBXNativeTarget;
			buildConfigurationList = FA2D9FB122738D1100CEBEE0 /* Build configuration list for PBXNativeTarget "XCBKit" */;
			buildPhases = (
				FA2D9F8222738D1100CEBEE0 /* Sources */,
				FA2D9F8322738D1100CEBEE0 /* Frameworks */,
				FA2D9F8422738D1100CEBEE0 /* Headers */,
				FA2D9F8522738D1100CEBEE0 /* Resources */,
			);
			buildRules = (
			);
			dependencies = (
			);
			name = XCBKit;
			productName = XCBKit;
			productReference = FA2D9F8722738D1100CEBEE0 /* XCBKit.framework */;
			productType = "com.apple.product-type.framework";
		};
		FA2D9F9E22738D1100CEBEE0 /* XCBKitTests */ = {
			isa = PBXNativeTarget;
			buildConfigurationList = FA2D9FB422738D1100CEBEE0 /* Build configuration list for PBXNativeTarget "XCBKitTests" */;
			buildPhases = (
				FA2D9F9A22738D1100CEBEE0 /* Sources */,
				FA2D9F9B22738D1100CEBEE0 /* Frameworks */,
				FA2D9F9C22738D1100CEBEE0 /* Resources */,
				FA2D9F9D22738D1100CEBEE0 /* ShellScript */,
			);
			buildRules = (
			);
			dependencies = (
				FA2D9FA422738D1100CEBEE0 /* PBXTargetDependency */,
			);
			name = XCBKitTests;
			productName = XCBKitTests;
			productReference = FA2D9F9F22738D1100CEBEE0 /* XCBKitTests.octest */;
			productType = "com.apple.product-type.bundle";
		};
/* End PBXNativeTarget section */

/* Begin PBXProject section */
		FA2D9F7E22738D1100CEBEE0 /* Project object */ = {
			isa = PBXProject;
			attributes = {
				LastUpgradeCheck = 0500;
				ORGANIZATIONNAME = alex;
			};
			buildConfigurationList = FA2D9F8122738D1100CEBEE0 /* Build configuration list for PBXProject "XCBKit" */;
			compatibilityVersion = "Xcode 3.2";
			developmentRegion = English;
			hasScannedForEncodings = 0;
			knownRegions = (
				en,
			);
			mainGroup = FA2D9F7D22738D1100CEBEE0;
			productRefGroup = FA2D9F8822738D1100CEBEE0 /* Products */;
			projectDirPath = "";
			projectRoot = "";
			targets = (
				FA2D9F8622738D1100CEBEE0 /* XCBKit */,
				FA2D9F9E22738D1100CEBEE0 /* XCBKitTests */,
			);
		};
/* End PBXProject section */

/* Begin PBXResourcesBuildPhase section */
		FA2D9F8522738D1100CEBEE0 /* Resources */ = {
			isa = PBXResourcesBuildPhase;
			buildActionMask = 2147483647;
			files = (
				FA2D9F9522738D1100CEBEE0 /* InfoPlist.strings in Resources */,
			);
			runOnlyForDeploymentPostprocessing = 0;
		};
		FA2D9F9C22738D1100CEBEE0 /* Resources */ = {
			isa = PBXResourcesBuildPhase;
			buildActionMask = 2147483647;
			files = (
				FA2D9FAB22738D1100CEBEE0 /* InfoPlist.strings in Resources */,
			);
			runOnlyForDeploymentPostprocessing = 0;
		};
/* End PBXResourcesBuildPhase section */

/* Begin PBXShellScriptBuildPhase section */
		FA2D9F9D22738D1100CEBEE0 /* ShellScript */ = {
			isa = PBXShellScriptBuildPhase;
			buildActionMask = 2147483647;
			files = (
			);
			inputPaths = (
			);
			outputPaths = (
			);
			runOnlyForDeploymentPostprocessing = 0;
			shellPath = /bin/sh;
			shellScript = "# Run the unit tests in this test bundle.\n\"${SYSTEM_DEVELOPER_DIR}/Tools/RunUnitTests\"\n";
		};
/* End PBXShellScriptBuildPhase section */

/* Begin PBXSourcesBuildPhase section */
		FA2D9F8222738D1100CEBEE0 /* Sources */ = {
			isa = PBXSourcesBuildPhase;
			buildActionMask = 2147483647;
			files = (
				FA5ADBFD23C6445200C8B403 /* EWMHService.m in Sources */,
				FA2D9F9922738D1100CEBEE0 /* XCBKit.m in Sources */,
				FA1A725E2274244F00C4E65B /* XCBConnection.m in Sources */,
				FAB6022E22F9987E0037F492 /* XCBTitleBar.m in Sources */,
				FAD5B31523DE148A00F1CB38 /* XCBSelection.m in Sources */,
				FABB11442274AEC1007A0433 /* XCBScreen.m in Sources */,
				FA5ADC0D23CA1ABE00C8B403 /* Transformers.m in Sources */,
				FA5ADBEA23C63D6B00C8B403 /* CairoDrawer.m in Sources */,
				FAAF93A3245ACE8E00C2B50B /* XCBRegion.m in Sources */,
				FA8E88862443960D002F0B35 /* ICCCMService.m in Sources */,
				FACACAF62317C89800C826B3 /* XCBVisual.m in Sources */,
				FA5ADBE523C63D5600C8B403 /* XCBAtomService.m in Sources */,
				FABB114922756F0E007A0433 /* XCBWindow.m in Sources */,
				FAF8686023FC450F008A2FA2 /* XCBWindowTypeResponse.m in Sources */,
				FAF8685C23FC44FD008A2FA2 /* XCBCreateWindowTypeRequest.m in Sources */,
				FA3186CD22F874A5001DE139 /* XCBFrame.m in Sources */,
			);
			runOnlyForDeploymentPostprocessing = 0;
		};
		FA2D9F9A22738D1100CEBEE0 /* Sources */ = {
			isa = PBXSourcesBuildPhase;
			buildActionMask = 2147483647;
			files = (
				FA2D9FAE22738D1100CEBEE0 /* XCBConnectionTests.m in Sources */,
				FA1A725F2274244F00C4E65B /* XCBConnection.m in Sources */,
				FABB11452274AEC1007A0433 /* XCBScreen.m in Sources */,
				FA8E88882444ACE2002F0B35 /* ICCCMSTest.m in Sources */,
				FA5ADC1223CA23F500C8B403 /* TransformersTest.m in Sources */,
				FAB6023122FA9AD70037F492 /* XCBFrameTest.m in Sources */,
				FA5ADBD923C62F1200C8B403 /* XCBAtomSeriveTest.m in Sources */,
				FABB114A22756F0E007A0433 /* XCBWindow.m in Sources */,
				FAE4BDFF2275BC99007D0A35 /* XCBWindowTests.m in Sources */,
			);
			runOnlyForDeploymentPostprocessing = 0;
		};
/* End PBXSourcesBuildPhase section */

/* Begin PBXTargetDependency section */
		FA2D9FA422738D1100CEBEE0 /* PBXTargetDependency */ = {
			isa = PBXTargetDependency;
			target = FA2D9F8622738D1100CEBEE0 /* XCBKit */;
			targetProxy = FA2D9FA322738D1100CEBEE0 /* PBXContainerItemProxy */;
		};
/* End PBXTargetDependency section */

/* Begin PBXVariantGroup section */
		FA2D9F9322738D1100CEBEE0 /* InfoPlist.strings */ = {
			isa = PBXVariantGroup;
			children = (
				FA2D9F9422738D1100CEBEE0 /* en */,
			);
			name = InfoPlist.strings;
			sourceTree = "<group>";
		};
		FA2D9FA922738D1100CEBEE0 /* InfoPlist.strings */ = {
			isa = PBXVariantGroup;
			children = (
				FA2D9FAA22738D1100CEBEE0 /* en */,
			);
			name = InfoPlist.strings;
			sourceTree = "<group>";
		};
/* End PBXVariantGroup section */

/* Begin XCBuildConfiguration section */
		FA2D9FAF22738D1100CEBEE0 /* Debug */ = {
			isa = XCBuildConfiguration;
			buildSettings = {
				ALWAYS_SEARCH_USER_PATHS = YES;
				CLANG_CXX_LANGUAGE_STANDARD = "gnu++0x";
				CLANG_CXX_LIBRARY = "libc++";
				CLANG_ENABLE_OBJC_ARC = YES;
				CLANG_WARN_CONSTANT_CONVERSION = YES;
				CLANG_WARN_EMPTY_BODY = YES;
				CLANG_WARN_ENUM_CONVERSION = YES;
				CLANG_WARN_INT_CONVERSION = YES;
				CLANG_WARN__DUPLICATE_METHOD_MATCH = YES;
				COPY_PHASE_STRIP = NO;
				GCC_C_LANGUAGE_STANDARD = gnu99;
				GCC_DYNAMIC_NO_PIC = NO;
				GCC_ENABLE_OBJC_EXCEPTIONS = YES;
				GCC_OPTIMIZATION_LEVEL = 0;
				GCC_PREPROCESSOR_DEFINITIONS = (
					"DEBUG=1",
					"$(inherited)",
				);
				GCC_SYMBOLS_PRIVATE_EXTERN = NO;
				GCC_WARN_64_TO_32_BIT_CONVERSION = YES;
				GCC_WARN_ABOUT_RETURN_TYPE = YES;
				GCC_WARN_UNINITIALIZED_AUTOS = YES;
				GCC_WARN_UNUSED_VARIABLE = YES;
				HEADER_SEARCH_PATHS = (
					"$(inherited)",
					/opt/local/include,
					/Applications/Xcode.app/Contents/Developer/Toolchains/XcodeDefault.xctoolchain/usr/include,
					/opt/X11/include/xcb,
				);
				"HEADER_SEARCH_PATHS[arch=*]" = (
					"$(inherited)",
					/opt/local/include,
					/Applications/Xcode.app/Contents/Developer/Toolchains/XcodeDefault.xctoolchain/usr/include,
					/opt/X11/include,
				);
				MACOSX_DEPLOYMENT_TARGET = 10.7;
				ONLY_ACTIVE_ARCH = YES;
				OTHER_LDFLAGS = (
					"-L/opt/X11/lib",
					"-lxcb",
					"-lcairo",
					"-lxcb-xfixes",
				);
				SDKROOT = macosx;
			};
			name = Debug;
		};
		FA2D9FB022738D1100CEBEE0 /* Release */ = {
			isa = XCBuildConfiguration;
			buildSettings = {
				ALWAYS_SEARCH_USER_PATHS = YES;
				CLANG_CXX_LANGUAGE_STANDARD = "gnu++0x";
				CLANG_CXX_LIBRARY = "libc++";
				CLANG_ENABLE_OBJC_ARC = YES;
				CLANG_WARN_CONSTANT_CONVERSION = YES;
				CLANG_WARN_EMPTY_BODY = YES;
				CLANG_WARN_ENUM_CONVERSION = YES;
				CLANG_WARN_INT_CONVERSION = YES;
				CLANG_WARN__DUPLICATE_METHOD_MATCH = YES;
				COPY_PHASE_STRIP = YES;
				DEBUG_INFORMATION_FORMAT = "dwarf-with-dsym";
				GCC_C_LANGUAGE_STANDARD = gnu99;
				GCC_ENABLE_OBJC_EXCEPTIONS = YES;
				GCC_WARN_64_TO_32_BIT_CONVERSION = YES;
				GCC_WARN_ABOUT_RETURN_TYPE = YES;
				GCC_WARN_UNINITIALIZED_AUTOS = YES;
				GCC_WARN_UNUSED_VARIABLE = YES;
				HEADER_SEARCH_PATHS = (
					"$(inherited)",
					/Applications/Xcode.app/Contents/Developer/Toolchains/XcodeDefault.xctoolchain/usr/include,
					/opt/X11/include,
				);
				"HEADER_SEARCH_PATHS[arch=*]" = /opt/X11/include/xcb;
				MACOSX_DEPLOYMENT_TARGET = 10.7;
				OTHER_LDFLAGS = (
					"-L/opt/X11/lib",
					"-lxcb",
					"-lcairo",
					"-lxcb-xfixes",
				);
				SDKROOT = macosx;
			};
			name = Release;
		};
		FA2D9FB222738D1100CEBEE0 /* Debug */ = {
			isa = XCBuildConfiguration;
			buildSettings = {
				COMBINE_HIDPI_IMAGES = YES;
				DYLIB_COMPATIBILITY_VERSION = 1;
				DYLIB_CURRENT_VERSION = 1;
				FRAMEWORK_VERSION = A;
				GCC_PRECOMPILE_PREFIX_HEADER = YES;
				GCC_PREFIX_HEADER = "XCBKit/XCBKit-Prefix.pch";
				INFOPLIST_FILE = "XCBKit/XCBKit-Info.plist";
				PRODUCT_NAME = "$(TARGET_NAME)";
				WRAPPER_EXTENSION = framework;
			};
			name = Debug;
		};
		FA2D9FB322738D1100CEBEE0 /* Release */ = {
			isa = XCBuildConfiguration;
			buildSettings = {
				COMBINE_HIDPI_IMAGES = YES;
				DYLIB_COMPATIBILITY_VERSION = 1;
				DYLIB_CURRENT_VERSION = 1;
				FRAMEWORK_VERSION = A;
				GCC_PRECOMPILE_PREFIX_HEADER = YES;
				GCC_PREFIX_HEADER = "XCBKit/XCBKit-Prefix.pch";
				INFOPLIST_FILE = "XCBKit/XCBKit-Info.plist";
				PRODUCT_NAME = "$(TARGET_NAME)";
				WRAPPER_EXTENSION = framework;
			};
			name = Release;
		};
		FA2D9FB522738D1100CEBEE0 /* Debug */ = {
			isa = XCBuildConfiguration;
			buildSettings = {
				COMBINE_HIDPI_IMAGES = YES;
				FRAMEWORK_SEARCH_PATHS = "\"$(DEVELOPER_LIBRARY_DIR)/Frameworks\"";
				GCC_PRECOMPILE_PREFIX_HEADER = YES;
				GCC_PREFIX_HEADER = "XCBKit/XCBKit-Prefix.pch";
				INFOPLIST_FILE = "XCBKitTests/XCBKitTests-Info.plist";
				PRODUCT_NAME = "$(TARGET_NAME)";
				WRAPPER_EXTENSION = octest;
			};
			name = Debug;
		};
		FA2D9FB622738D1100CEBEE0 /* Release */ = {
			isa = XCBuildConfiguration;
			buildSettings = {
				COMBINE_HIDPI_IMAGES = YES;
				FRAMEWORK_SEARCH_PATHS = "\"$(DEVELOPER_LIBRARY_DIR)/Frameworks\"";
				GCC_PRECOMPILE_PREFIX_HEADER = YES;
				GCC_PREFIX_HEADER = "XCBKit/XCBKit-Prefix.pch";
				INFOPLIST_FILE = "XCBKitTests/XCBKitTests-Info.plist";
				PRODUCT_NAME = "$(TARGET_NAME)";
				WRAPPER_EXTENSION = octest;
			};
			name = Release;
		};
/* End XCBuildConfiguration section */

/* Begin XCConfigurationList section */
		FA2D9F8122738D1100CEBEE0 /* Build configuration list for PBXProject "XCBKit" */ = {
			isa = XCConfigurationList;
			buildConfigurations = (
				FA2D9FAF22738D1100CEBEE0 /* Debug */,
				FA2D9FB022738D1100CEBEE0 /* Release */,
			);
			defaultConfigurationIsVisible = 0;
			defaultConfigurationName = Release;
		};
		FA2D9FB122738D1100CEBEE0 /* Build configuration list for PBXNativeTarget "XCBKit" */ = {
			isa = XCConfigurationList;
			buildConfigurations = (
				FA2D9FB222738D1100CEBEE0 /* Debug */,
				FA2D9FB322738D1100CEBEE0 /* Release */,
			);
			defaultConfigurationIsVisible = 0;
			defaultConfigurationName = Release;
		};
		FA2D9FB422738D1100CEBEE0 /* Build configuration list for PBXNativeTarget "XCBKitTests" */ = {
			isa = XCConfigurationList;
			buildConfigurations = (
				FA2D9FB522738D1100CEBEE0 /* Debug */,
				FA2D9FB622738D1100CEBEE0 /* Release */,
			);
			defaultConfigurationIsVisible = 0;
			defaultConfigurationName = Release;
		};
/* End XCConfigurationList section */
	};
	rootObject = FA2D9F7E22738D1100CEBEE0 /* Project object */;
}
